// !$*UTF8*$!
{
	archiveVersion = 1;
	classes = {
	};
	objectVersion = 50;
	objects = {

/* Begin PBXBuildFile section */
		9C324B7A214246EF0087FA87 /* AppDelegate.swift in Sources */ = {isa = PBXBuildFile; fileRef = 9C324B79214246EF0087FA87 /* AppDelegate.swift */; };
		9C324B7C214246EF0087FA87 /* ViewController.swift in Sources */ = {isa = PBXBuildFile; fileRef = 9C324B7B214246EF0087FA87 /* ViewController.swift */; };
		9C324B7F214246EF0087FA87 /* Main.storyboard in Resources */ = {isa = PBXBuildFile; fileRef = 9C324B7D214246EF0087FA87 /* Main.storyboard */; };
		9C324B81214246F10087FA87 /* Assets.xcassets in Resources */ = {isa = PBXBuildFile; fileRef = 9C324B80214246F10087FA87 /* Assets.xcassets */; };
		9C324B84214246F10087FA87 /* LaunchScreen.storyboard in Resources */ = {isa = PBXBuildFile; fileRef = 9C324B82214246F10087FA87 /* LaunchScreen.storyboard */; };
		9C324B8F214246F10087FA87 /* LocalDemoTests.swift in Sources */ = {isa = PBXBuildFile; fileRef = 9C324B8E214246F10087FA87 /* LocalDemoTests.swift */; };
		9C324B9A214246F10087FA87 /* LocalDemoUITests.swift in Sources */ = {isa = PBXBuildFile; fileRef = 9C324B99214246F10087FA87 /* LocalDemoUITests.swift */; };
/* End PBXBuildFile section */

/* Begin PBXContainerItemProxy section */
		9C324B8B214246F10087FA87 /* PBXContainerItemProxy */ = {
			isa = PBXContainerItemProxy;
			containerPortal = 9C324B6E214246EF0087FA87 /* Project object */;
			proxyType = 1;
			remoteGlobalIDString = 9C324B75214246EF0087FA87;
			remoteInfo = LocalDemo;
		};
		9C324B96214246F10087FA87 /* PBXContainerItemProxy */ = {
			isa = PBXContainerItemProxy;
			containerPortal = 9C324B6E214246EF0087FA87 /* Project object */;
			proxyType = 1;
			remoteGlobalIDString = 9C324B75214246EF0087FA87;
			remoteInfo = LocalDemo;
		};
/* End PBXContainerItemProxy section */

/* Begin PBXFileReference section */
		9C324B76214246EF0087FA87 /* LocalDemo.app */ = {isa = PBXFileReference; explicitFileType = wrapper.application; includeInIndex = 0; path = LocalDemo.app; sourceTree = BUILT_PRODUCTS_DIR; };
		9C324B79214246EF0087FA87 /* AppDelegate.swift */ = {isa = PBXFileReference; lastKnownFileType = sourcecode.swift; path = AppDelegate.swift; sourceTree = "<group>"; };
		9C324B7B214246EF0087FA87 /* ViewController.swift */ = {isa = PBXFileReference; lastKnownFileType = sourcecode.swift; path = ViewController.swift; sourceTree = "<group>"; };
		9C324B7E214246EF0087FA87 /* Base */ = {isa = PBXFileReference; lastKnownFileType = file.storyboard; name = Base; path = Base.lproj/Main.storyboard; sourceTree = "<group>"; };
		9C324B80214246F10087FA87 /* Assets.xcassets */ = {isa = PBXFileReference; lastKnownFileType = folder.assetcatalog; path = Assets.xcassets; sourceTree = "<group>"; };
		9C324B83214246F10087FA87 /* Base */ = {isa = PBXFileReference; lastKnownFileType = file.storyboard; name = Base; path = Base.lproj/LaunchScreen.storyboard; sourceTree = "<group>"; };
		9C324B85214246F10087FA87 /* Info.plist */ = {isa = PBXFileReference; lastKnownFileType = text.plist.xml; path = Info.plist; sourceTree = "<group>"; };
		9C324B8A214246F10087FA87 /* LocalDemoTests.xctest */ = {isa = PBXFileReference; explicitFileType = wrapper.cfbundle; includeInIndex = 0; path = LocalDemoTests.xctest; sourceTree = BUILT_PRODUCTS_DIR; };
		9C324B8E214246F10087FA87 /* LocalDemoTests.swift */ = {isa = PBXFileReference; lastKnownFileType = sourcecode.swift; path = LocalDemoTests.swift; sourceTree = "<group>"; };
		9C324B90214246F10087FA87 /* Info.plist */ = {isa = PBXFileReference; lastKnownFileType = text.plist.xml; path = Info.plist; sourceTree = "<group>"; };
		9C324B95214246F10087FA87 /* LocalDemoUITests.xctest */ = {isa = PBXFileReference; explicitFileType = wrapper.cfbundle; includeInIndex = 0; path = LocalDemoUITests.xctest; sourceTree = BUILT_PRODUCTS_DIR; };
		9C324B99214246F10087FA87 /* LocalDemoUITests.swift */ = {isa = PBXFileReference; lastKnownFileType = sourcecode.swift; path = LocalDemoUITests.swift; sourceTree = "<group>"; };
		9C324B9B214246F10087FA87 /* Info.plist */ = {isa = PBXFileReference; lastKnownFileType = text.plist.xml; path = Info.plist; sourceTree = "<group>"; };
/* End PBXFileReference section */

/* Begin PBXFrameworksBuildPhase section */
		9C324B73214246EF0087FA87 /* Frameworks */ = {
			isa = PBXFrameworksBuildPhase;
			buildActionMask = 2147483647;
			files = (
			);
			runOnlyForDeploymentPostprocessing = 0;
		};
		9C324B87214246F10087FA87 /* Frameworks */ = {
			isa = PBXFrameworksBuildPhase;
			buildActionMask = 2147483647;
			files = (
			);
			runOnlyForDeploymentPostprocessing = 0;
		};
		9C324B92214246F10087FA87 /* Frameworks */ = {
			isa = PBXFrameworksBuildPhase;
			buildActionMask = 2147483647;
			files = (
			);
			runOnlyForDeploymentPostprocessing = 0;
		};
/* End PBXFrameworksBuildPhase section */

/* Begin PBXGroup section */
		9C324B6D214246EF0087FA87 = {
			isa = PBXGroup;
			children = (
				9C324B78214246EF0087FA87 /* LocalDemo */,
				9C324B8D214246F10087FA87 /* LocalDemoTests */,
				9C324B98214246F10087FA87 /* LocalDemoUITests */,
				9C324B77214246EF0087FA87 /* Products */,
			);
			sourceTree = "<group>";
		};
		9C324B77214246EF0087FA87 /* Products */ = {
			isa = PBXGroup;
			children = (
				9C324B76214246EF0087FA87 /* LocalDemo.app */,
				9C324B8A214246F10087FA87 /* LocalDemoTests.xctest */,
				9C324B95214246F10087FA87 /* LocalDemoUITests.xctest */,
			);
			name = Products;
			sourceTree = "<group>";
		};
		9C324B78214246EF0087FA87 /* LocalDemo */ = {
			isa = PBXGroup;
			children = (
				9C324B79214246EF0087FA87 /* AppDelegate.swift */,
				9C324B7B214246EF0087FA87 /* ViewController.swift */,
				9C324B7D214246EF0087FA87 /* Main.storyboard */,
				9C324B80214246F10087FA87 /* Assets.xcassets */,
				9C324B82214246F10087FA87 /* LaunchScreen.storyboard */,
				9C324B85214246F10087FA87 /* Info.plist */,
			);
			path = LocalDemo;
			sourceTree = "<group>";
		};
		9C324B8D214246F10087FA87 /* LocalDemoTests */ = {
			isa = PBXGroup;
			children = (
				9C324B8E214246F10087FA87 /* LocalDemoTests.swift */,
				9C324B90214246F10087FA87 /* Info.plist */,
			);
			path = LocalDemoTests;
			sourceTree = "<group>";
		};
		9C324B98214246F10087FA87 /* LocalDemoUITests */ = {
			isa = PBXGroup;
			children = (
				9C324B99214246F10087FA87 /* LocalDemoUITests.swift */,
				9C324B9B214246F10087FA87 /* Info.plist */,
			);
			path = LocalDemoUITests;
			sourceTree = "<group>";
		};
/* End PBXGroup section */

/* Begin PBXNativeTarget section */
		9C324B75214246EF0087FA87 /* LocalDemo */ = {
			isa = PBXNativeTarget;
			buildConfigurationList = 9C324B9E214246F10087FA87 /* Build configuration list for PBXNativeTarget "LocalDemo" */;
			buildPhases = (
				9C324B72214246EF0087FA87 /* Sources */,
				9C324B73214246EF0087FA87 /* Frameworks */,
				9C324B74214246EF0087FA87 /* Resources */,
			);
			buildRules = (
			);
			dependencies = (
			);
			name = LocalDemo;
			productName = LocalDemo;
			productReference = 9C324B76214246EF0087FA87 /* LocalDemo.app */;
			productType = "com.apple.product-type.application";
		};
		9C324B89214246F10087FA87 /* LocalDemoTests */ = {
			isa = PBXNativeTarget;
			buildConfigurationList = 9C324BA1214246F10087FA87 /* Build configuration list for PBXNativeTarget "LocalDemoTests" */;
			buildPhases = (
				9C324B86214246F10087FA87 /* Sources */,
				9C324B87214246F10087FA87 /* Frameworks */,
				9C324B88214246F10087FA87 /* Resources */,
			);
			buildRules = (
			);
			dependencies = (
				9C324B8C214246F10087FA87 /* PBXTargetDependency */,
			);
			name = LocalDemoTests;
			productName = LocalDemoTests;
			productReference = 9C324B8A214246F10087FA87 /* LocalDemoTests.xctest */;
			productType = "com.apple.product-type.bundle.unit-test";
		};
		9C324B94214246F10087FA87 /* LocalDemoUITests */ = {
			isa = PBXNativeTarget;
			buildConfigurationList = 9C324BA4214246F10087FA87 /* Build configuration list for PBXNativeTarget "LocalDemoUITests" */;
			buildPhases = (
				9C324B91214246F10087FA87 /* Sources */,
				9C324B92214246F10087FA87 /* Frameworks */,
				9C324B93214246F10087FA87 /* Resources */,
			);
			buildRules = (
			);
			dependencies = (
				9C324B97214246F10087FA87 /* PBXTargetDependency */,
			);
			name = LocalDemoUITests;
			productName = LocalDemoUITests;
			productReference = 9C324B95214246F10087FA87 /* LocalDemoUITests.xctest */;
			productType = "com.apple.product-type.bundle.ui-testing";
		};
/* End PBXNativeTarget section */

/* Begin PBXProject section */
		9C324B6E214246EF0087FA87 /* Project object */ = {
			isa = PBXProject;
			attributes = {
				LastSwiftUpdateCheck = 0940;
				LastUpgradeCheck = 0940;
				ORGANIZATIONNAME = com.justsee;
				TargetAttributes = {
					9C324B75214246EF0087FA87 = {
						CreatedOnToolsVersion = 9.4.1;
					};
					9C324B89214246F10087FA87 = {
						CreatedOnToolsVersion = 9.4.1;
						TestTargetID = 9C324B75214246EF0087FA87;
					};
					9C324B94214246F10087FA87 = {
						CreatedOnToolsVersion = 9.4.1;
						TestTargetID = 9C324B75214246EF0087FA87;
					};
				};
			};
			buildConfigurationList = 9C324B71214246EF0087FA87 /* Build configuration list for PBXProject "LocalDemo" */;
			compatibilityVersion = "Xcode 9.3";
			developmentRegion = en;
			hasScannedForEncodings = 0;
			knownRegions = (
				en,
				Base,
			);
			mainGroup = 9C324B6D214246EF0087FA87;
			productRefGroup = 9C324B77214246EF0087FA87 /* Products */;
			projectDirPath = "";
			projectRoot = "";
			targets = (
				9C324B75214246EF0087FA87 /* LocalDemo */,
				9C324B89214246F10087FA87 /* LocalDemoTests */,
				9C324B94214246F10087FA87 /* LocalDemoUITests */,
			);
		};
/* End PBXProject section */

/* Begin PBXResourcesBuildPhase section */
		9C324B74214246EF0087FA87 /* Resources */ = {
			isa = PBXResourcesBuildPhase;
			buildActionMask = 2147483647;
			files = (
				9C324B84214246F10087FA87 /* LaunchScreen.storyboard in Resources */,
				9C324B81214246F10087FA87 /* Assets.xcassets in Resources */,
				9C324B7F214246EF0087FA87 /* Main.storyboard in Resources */,
			);
			runOnlyForDeploymentPostprocessing = 0;
		};
		9C324B88214246F10087FA87 /* Resources */ = {
			isa = PBXResourcesBuildPhase;
			buildActionMask = 2147483647;
			files = (
			);
			runOnlyForDeploymentPostprocessing = 0;
		};
		9C324B93214246F10087FA87 /* Resources */ = {
			isa = PBXResourcesBuildPhase;
			buildActionMask = 2147483647;
			files = (
			);
			runOnlyForDeploymentPostprocessing = 0;
		};
/* End PBXResourcesBuildPhase section */

/* Begin PBXSourcesBuildPhase section */
		9C324B72214246EF0087FA87 /* Sources */ = {
			isa = PBXSourcesBuildPhase;
			buildActionMask = 2147483647;
			files = (
				9C324B7C214246EF0087FA87 /* ViewController.swift in Sources */,
				9C324B7A214246EF0087FA87 /* AppDelegate.swift in Sources */,
			);
			runOnlyForDeploymentPostprocessing = 0;
		};
		9C324B86214246F10087FA87 /* Sources */ = {
			isa = PBXSourcesBuildPhase;
			buildActionMask = 2147483647;
			files = (
				9C324B8F214246F10087FA87 /* LocalDemoTests.swift in Sources */,
			);
			runOnlyForDeploymentPostprocessing = 0;
		};
		9C324B91214246F10087FA87 /* Sources */ = {
			isa = PBXSourcesBuildPhase;
			buildActionMask = 2147483647;
			files = (
				9C324B9A214246F10087FA87 /* LocalDemoUITests.swift in Sources */,
			);
			runOnlyForDeploymentPostprocessing = 0;
		};
/* End PBXSourcesBuildPhase section */

/* Begin PBXTargetDependency section */
		9C324B8C214246F10087FA87 /* PBXTargetDependency */ = {
			isa = PBXTargetDependency;
			target = 9C324B75214246EF0087FA87 /* LocalDemo */;
			targetProxy = 9C324B8B214246F10087FA87 /* PBXContainerItemProxy */;
		};
		9C324B97214246F10087FA87 /* PBXTargetDependency */ = {
			isa = PBXTargetDependency;
			target = 9C324B75214246EF0087FA87 /* LocalDemo */;
			targetProxy = 9C324B96214246F10087FA87 /* PBXContainerItemProxy */;
		};
/* End PBXTargetDependency section */

/* Begin PBXVariantGroup section */
		9C324B7D214246EF0087FA87 /* Main.storyboard */ = {
			isa = PBXVariantGroup;
			children = (
				9C324B7E214246EF0087FA87 /* Base */,
			);
			name = Main.storyboard;
			sourceTree = "<group>";
		};
		9C324B82214246F10087FA87 /* LaunchScreen.storyboard */ = {
			isa = PBXVariantGroup;
			children = (
				9C324B83214246F10087FA87 /* Base */,
			);
			name = LaunchScreen.storyboard;
			sourceTree = "<group>";
		};
/* End PBXVariantGroup section */

/* Begin XCBuildConfiguration section */
		9C324B9C214246F10087FA87 /* Debug */ = {
			isa = XCBuildConfiguration;
			buildSettings = {
				ALWAYS_SEARCH_USER_PATHS = NO;
				CLANG_ANALYZER_NONNULL = YES;
				CLANG_ANALYZER_NUMBER_OBJECT_CONVERSION = YES_AGGRESSIVE;
				CLANG_CXX_LANGUAGE_STANDARD = "gnu++14";
				CLANG_CXX_LIBRARY = "libc++";
				CLANG_ENABLE_MODULES = YES;
				CLANG_ENABLE_OBJC_ARC = YES;
				CLANG_ENABLE_OBJC_WEAK = YES;
				CLANG_WARN_BLOCK_CAPTURE_AUTORELEASING = YES;
				CLANG_WARN_BOOL_CONVERSION = YES;
				CLANG_WARN_COMMA = YES;
				CLANG_WARN_CONSTANT_CONVERSION = YES;
				CLANG_WARN_DEPRECATED_OBJC_IMPLEMENTATIONS = YES;
				CLANG_WARN_DIRECT_OBJC_ISA_USAGE = YES_ERROR;
				CLANG_WARN_DOCUMENTATION_COMMENTS = YES;
				CLANG_WARN_EMPTY_BODY = YES;
				CLANG_WARN_ENUM_CONVERSION = YES;
				CLANG_WARN_INFINITE_RECURSION = YES;
				CLANG_WARN_INT_CONVERSION = YES;
				CLANG_WARN_NON_LITERAL_NULL_CONVERSION = YES;
				CLANG_WARN_OBJC_IMPLICIT_RETAIN_SELF = YES;
				CLANG_WARN_OBJC_LITERAL_CONVERSION = YES;
				CLANG_WARN_OBJC_ROOT_CLASS = YES_ERROR;
				CLANG_WARN_RANGE_LOOP_ANALYSIS = YES;
				CLANG_WARN_STRICT_PROTOTYPES = YES;
				CLANG_WARN_SUSPICIOUS_MOVE = YES;
				CLANG_WARN_UNGUARDED_AVAILABILITY = YES_AGGRESSIVE;
				CLANG_WARN_UNREACHABLE_CODE = YES;
				CLANG_WARN__DUPLICATE_METHOD_MATCH = YES;
				CODE_SIGN_IDENTITY = "iPhone Developer";
				COPY_PHASE_STRIP = NO;
				DEBUG_INFORMATION_FORMAT = dwarf;
				ENABLE_STRICT_OBJC_MSGSEND = YES;
				ENABLE_TESTABILITY = YES;
				GCC_C_LANGUAGE_STANDARD = gnu11;
				GCC_DYNAMIC_NO_PIC = NO;
				GCC_NO_COMMON_BLOCKS = YES;
				GCC_OPTIMIZATION_LEVEL = 0;
				GCC_PREPROCESSOR_DEFINITIONS = (
					"DEBUG=1",
					"$(inherited)",
				);
				GCC_WARN_64_TO_32_BIT_CONVERSION = YES;
				GCC_WARN_ABOUT_RETURN_TYPE = YES_ERROR;
				GCC_WARN_UNDECLARED_SELECTOR = YES;
				GCC_WARN_UNINITIALIZED_AUTOS = YES_AGGRESSIVE;
				GCC_WARN_UNUSED_FUNCTION = YES;
				GCC_WARN_UNUSED_VARIABLE = YES;
				IPHONEOS_DEPLOYMENT_TARGET = 11.4;
				MTL_ENABLE_DEBUG_INFO = YES;
				ONLY_ACTIVE_ARCH = YES;
				SDKROOT = iphoneos;
				SWIFT_ACTIVE_COMPILATION_CONDITIONS = DEBUG;
				SWIFT_OPTIMIZATION_LEVEL = "-Onone";
			};
			name = Debug;
		};
		9C324B9D214246F10087FA87 /* Release */ = {
			isa = XCBuildConfiguration;
			buildSettings = {
				ALWAYS_SEARCH_USER_PATHS = NO;
				CLANG_ANALYZER_NONNULL = YES;
				CLANG_ANALYZER_NUMBER_OBJECT_CONVERSION = YES_AGGRESSIVE;
				CLANG_CXX_LANGUAGE_STANDARD = "gnu++14";
				CLANG_CXX_LIBRARY = "libc++";
				CLANG_ENABLE_MODULES = YES;
				CLANG_ENABLE_OBJC_ARC = YES;
				CLANG_ENABLE_OBJC_WEAK = YES;
				CLANG_WARN_BLOCK_CAPTURE_AUTORELEASING = YES;
				CLANG_WARN_BOOL_CONVERSION = YES;
				CLANG_WARN_COMMA = YES;
				CLANG_WARN_CONSTANT_CONVERSION = YES;
				CLANG_WARN_DEPRECATED_OBJC_IMPLEMENTATIONS = YES;
				CLANG_WARN_DIRECT_OBJC_ISA_USAGE = YES_ERROR;
				CLANG_WARN_DOCUMENTATION_COMMENTS = YES;
				CLANG_WARN_EMPTY_BODY = YES;
				CLANG_WARN_ENUM_CONVERSION = YES;
				CLANG_WARN_INFINITE_RECURSION = YES;
				CLANG_WARN_INT_CONVERSION = YES;
				CLANG_WARN_NON_LITERAL_NULL_CONVERSION = YES;
				CLANG_WARN_OBJC_IMPLICIT_RETAIN_SELF = YES;
				CLANG_WARN_OBJC_LITERAL_CONVERSION = YES;
				CLANG_WARN_OBJC_ROOT_CLASS = YES_ERROR;
				CLANG_WARN_RANGE_LOOP_ANALYSIS = YES;
				CLANG_WARN_STRICT_PROTOTYPES = YES;
				CLANG_WARN_SUSPICIOUS_MOVE = YES;
				CLANG_WARN_UNGUARDED_AVAILABILITY = YES_AGGRESSIVE;
				CLANG_WARN_UNREACHABLE_CODE = YES;
				CLANG_WARN__DUPLICATE_METHOD_MATCH = YES;
				CODE_SIGN_IDENTITY = "iPhone Developer";
				COPY_PHASE_STRIP = NO;
				DEBUG_INFORMATION_FORMAT = "dwarf-with-dsym";
				ENABLE_NS_ASSERTIONS = NO;
				ENABLE_STRICT_OBJC_MSGSEND = YES;
				GCC_C_LANGUAGE_STANDARD = gnu11;
				GCC_NO_COMMON_BLOCKS = YES;
				GCC_WARN_64_TO_32_BIT_CONVERSION = YES;
				GCC_WARN_ABOUT_RETURN_TYPE = YES_ERROR;
				GCC_WARN_UNDECLARED_SELECTOR = YES;
				GCC_WARN_UNINITIALIZED_AUTOS = YES_AGGRESSIVE;
				GCC_WARN_UNUSED_FUNCTION = YES;
				GCC_WARN_UNUSED_VARIABLE = YES;
				IPHONEOS_DEPLOYMENT_TARGET = 11.4;
				MTL_ENABLE_DEBUG_INFO = NO;
				SDKROOT = iphoneos;
				SWIFT_COMPILATION_MODE = wholemodule;
				SWIFT_OPTIMIZATION_LEVEL = "-O";
				VALIDATE_PRODUCT = YES;
			};
			name = Release;
		};
		9C324B9F214246F10087FA87 /* Debug */ = {
			isa = XCBuildConfiguration;
			buildSettings = {
				ASSETCATALOG_COMPILER_APPICON_NAME = AppIcon;
				CODE_SIGN_STYLE = Automatic;
				INFOPLIST_FILE = LocalDemo/Info.plist;
				LD_RUNPATH_SEARCH_PATHS = (
					"$(inherited)",
					"@executable_path/Frameworks",
				);
				PRODUCT_BUNDLE_IDENTIFIER = com.justsee.LocalDemo;
				PRODUCT_NAME = "$(TARGET_NAME)";
				SWIFT_VERSION = 4.0;
				TARGETED_DEVICE_FAMILY = "1,2";
			};
			name = Debug;
		};
		9C324BA0214246F10087FA87 /* Release */ = {
			isa = XCBuildConfiguration;
			buildSettings = {
				ASSETCATALOG_COMPILER_APPICON_NAME = AppIcon;
				CODE_SIGN_STYLE = Automatic;
				INFOPLIST_FILE = LocalDemo/Info.plist;
				LD_RUNPATH_SEARCH_PATHS = (
					"$(inherited)",
					"@executable_path/Frameworks",
				);
				PRODUCT_BUNDLE_IDENTIFIER = com.justsee.LocalDemo;
				PRODUCT_NAME = "$(TARGET_NAME)";
				SWIFT_VERSION = 4.0;
				TARGETED_DEVICE_FAMILY = "1,2";
			};
			name = Release;
		};
		9C324BA2214246F10087FA87 /* Debug */ = {
			isa = XCBuildConfiguration;
			buildSettings = {
				ALWAYS_EMBED_SWIFT_STANDARD_LIBRARIES = YES;
				BUNDLE_LOADER = "$(TEST_HOST)";
				CODE_SIGN_STYLE = Automatic;
				INFOPLIST_FILE = LocalDemoTests/Info.plist;
				LD_RUNPATH_SEARCH_PATHS = (
					"$(inherited)",
					"@executable_path/Frameworks",
					"@loader_path/Frameworks",
				);
				PRODUCT_BUNDLE_IDENTIFIER = com.justsee.LocalDemoTests;
				PRODUCT_NAME = "$(TARGET_NAME)";
				SWIFT_VERSION = 4.0;
				TARGETED_DEVICE_FAMILY = "1,2";
				TEST_HOST = "$(BUILT_PRODUCTS_DIR)/LocalDemo.app/LocalDemo";
			};
			name = Debug;
		};
		9C324BA3214246F10087FA87 /* Release */ = {
			isa = XCBuildConfiguration;
			buildSettings = {
				ALWAYS_EMBED_SWIFT_STANDARD_LIBRARIES = YES;
				BUNDLE_LOADER = "$(TEST_HOST)";
				CODE_SIGN_STYLE = Automatic;
				INFOPLIST_FILE = LocalDemoTests/Info.plist;
				LD_RUNPATH_SEARCH_PATHS = (
					"$(inherited)",
					"@executable_path/Frameworks",
					"@loader_path/Frameworks",
				);
				PRODUCT_BUNDLE_IDENTIFIER = com.justsee.LocalDemoTests;
				PRODUCT_NAME = "$(TARGET_NAME)";
				SWIFT_VERSION = 4.0;
				TARGETED_DEVICE_FAMILY = "1,2";
				TEST_HOST = "$(BUILT_PRODUCTS_DIR)/LocalDemo.app/LocalDemo";
			};
			name = Release;
		};
		9C324BA5214246F10087FA87 /* Debug */ = {
			isa = XCBuildConfiguration;
			buildSettings = {
				ALWAYS_EMBED_SWIFT_STANDARD_LIBRARIES = YES;
				CODE_SIGN_STYLE = Automatic;
				INFOPLIST_FILE = LocalDemoUITests/Info.plist;
				LD_RUNPATH_SEARCH_PATHS = (
					"$(inherited)",
					"@executable_path/Frameworks",
					"@loader_path/Frameworks",
				);
				PRODUCT_BUNDLE_IDENTIFIER = com.justsee.LocalDemoUITests;
				PRODUCT_NAME = "$(TARGET_NAME)";
				SWIFT_VERSION = 4.0;
				TARGETED_DEVICE_FAMILY = "1,2";
				TEST_TARGET_NAME = LocalDemo;
			};
			name = Debug;
		};
		9C324BA6214246F10087FA87 /* Release */ = {
			isa = XCBuildConfiguration;
			buildSettings = {
				ALWAYS_EMBED_SWIFT_STANDARD_LIBRARIES = YES;
				CODE_SIGN_STYLE = Automatic;
				INFOPLIST_FILE = LocalDemoUITests/Info.plist;
				LD_RUNPATH_SEARCH_PATHS = (
					"$(inherited)",
					"@executable_path/Frameworks",
					"@loader_path/Frameworks",
				);
				PRODUCT_BUNDLE_IDENTIFIER = com.justsee.LocalDemoUITests;
				PRODUCT_NAME = "$(TARGET_NAME)";
				SWIFT_VERSION = 4.0;
				TARGETED_DEVICE_FAMILY = "1,2";
				TEST_TARGET_NAME = LocalDemo;
			};
			name = Release;
		};
/* End XCBuildConfiguration section */

/* Begin XCConfigurationList section */
		9C324B71214246EF0087FA87 /* Build configuration list for PBXProject "LocalDemo" */ = {
			isa = XCConfigurationList;
			buildConfigurations = (
				9C324B9C214246F10087FA87 /* Debug */,
				9C324B9D214246F10087FA87 /* Release */,
			);
			defaultConfigurationIsVisible = 0;
			defaultConfigurationName = Release;
		};
		9C324B9E214246F10087FA87 /* Build configuration list for PBXNativeTarget "LocalDemo" */ = {
			isa = XCConfigurationList;
			buildConfigurations = (
				9C324B9F214246F10087FA87 /* Debug */,
				9C324BA0214246F10087FA87 /* Release */,
			);
			defaultConfigurationIsVisible = 0;
			defaultConfigurationName = Release;
		};
		9C324BA1214246F10087FA87 /* Build configuration list for PBXNativeTarget "LocalDemoTests" */ = {
			isa = XCConfigurationList;
			buildConfigurations = (
				9C324BA2214246F10087FA87 /* Debug */,
				9C324BA3214246F10087FA87 /* Release */,
			);
			defaultConfigurationIsVisible = 0;
			defaultConfigurationName = Release;
		};
		9C324BA4214246F10087FA87 /* Build configuration list for PBXNativeTarget "LocalDemoUITests" */ = {
			isa = XCConfigurationList;
			buildConfigurations = (
				9C324BA5214246F10087FA87 /* Debug */,
				9C324BA6214246F10087FA87 /* Release */,
			);
			defaultConfigurationIsVisible = 0;
			defaultConfigurationName = Release;
		};
/* End XCConfigurationList section */
	};
	rootObject = 9C324B6E214246EF0087FA87 /* Project object */;
}
